
Microsoft Visual Studio Solution File, Format Version 12.00
# Visual Studio Version 17
VisualStudioVersion = 17.5.002.0
MinimumVisualStudioVersion = 10.0.40219.1
Project("{9A19103F-16F7-4668-BE54-9A1E7A4F7556}") = "api", "backend\api.csproj", "{CDD86D6F-432F-495D-91AF-75302F5BBD3C}"
EndProject
Global
	GlobalSection(SolutionConfigurationPlatforms) = preSolution
		Debug|Any CPU = Debug|Any CPU
		Release|Any CPU = Release|Any CPU
	EndGlobalSection
	GlobalSection(ProjectConfigurationPlatforms) = postSolution
		{CDD86D6F-432F-495D-91AF-75302F5BBD3C}.Debug|Any CPU.ActiveCfg = Debug|Any CPU
		{CDD86D6F-432F-495D-91AF-75302F5BBD3C}.Debug|Any CPU.Build.0 = Debug|Any CPU
		{CDD86D6F-432F-495D-91AF-75302F5BBD3C}.Release|Any CPU.ActiveCfg = Release|Any CPU
		{CDD86D6F-432F-495D-91AF-75302F5BBD3C}.Release|Any CPU.Build.0 = Release|Any CPU
	EndGlobalSection
	GlobalSection(SolutionProperties) = preSolution
		HideSolutionNode = FALSE
	EndGlobalSection
	GlobalSection(ExtensibilityGlobals) = postSolution
		SolutionGuid = {291B97CA-FF21-4847-9D46-DFB09EF8301E}
	EndGlobalSection
EndGlobal
